
Microsoft Visual Studio Solution File, Format Version 12.00
# Visual Studio Version 17
VisualStudioVersion = 17.7.34202.233
MinimumVisualStudioVersion = 10.0.40219.1
Project("{FAE04EC0-301F-11D3-BF4B-00C04F79EFBC}") = "ProjektakNuker", "ProjektakNuker\ProjektakNuker.csproj", "{5C92611B-FF23-4CC1-843D-4475CAC111FB}"
EndProject
Global
	GlobalSection(SolutionConfigurationPlatforms) = preSolution
		Debug|Any CPU = Debug|Any CPU
		Release|Any CPU = Release|Any CPU
	EndGlobalSection
	GlobalSection(ProjectConfigurationPlatforms) = postSolution
		{5C92611B-FF23-4CC1-843D-4475CAC111FB}.Debug|Any CPU.ActiveCfg = Debug|Any CPU
		{5C92611B-FF23-4CC1-843D-4475CAC111FB}.Debug|Any CPU.Build.0 = Debug|Any CPU
		{5C92611B-FF23-4CC1-843D-4475CAC111FB}.Release|Any CPU.ActiveCfg = Release|Any CPU
		{5C92611B-FF23-4CC1-843D-4475CAC111FB}.Release|Any CPU.Build.0 = Release|Any CPU
	EndGlobalSection
	GlobalSection(SolutionProperties) = preSolution
		HideSolutionNode = FALSE
	EndGlobalSection
	GlobalSection(ExtensibilityGlobals) = postSolution
		SolutionGuid = {A4CB13F5-8CD7-4534-BBD2-49A8D874610B}
	EndGlobalSection
EndGlobal
